// !$*UTF8*$!
{
	archiveVersion = 1;
	classes = {
	};
	objectVersion = 46;
	objects = {

/* Begin PBXBuildFile section */
		1DB721F917A8694B00F956F7 /* UIKit.framework in Frameworks */ = {isa = PBXBuildFile; fileRef = 1DB721F817A8694B00F956F7 /* UIKit.framework */; };
		1DB721FB17A8694B00F956F7 /* Foundation.framework in Frameworks */ = {isa = PBXBuildFile; fileRef = 1DB721FA17A8694B00F956F7 /* Foundation.framework */; };
		1DB721FD17A8694B00F956F7 /* CoreGraphics.framework in Frameworks */ = {isa = PBXBuildFile; fileRef = 1DB721FC17A8694B00F956F7 /* CoreGraphics.framework */; };
		1DB7222517A86BC100F956F7 /* CFNetwork.framework in Frameworks */ = {isa = PBXBuildFile; fileRef = 1DB7221B17A86BC100F956F7 /* CFNetwork.framework */; };
		1DB7222617A86BC100F956F7 /* CoreData.framework in Frameworks */ = {isa = PBXBuildFile; fileRef = 1DB7221C17A86BC100F956F7 /* CoreData.framework */; };
		1DB7222717A86BC100F956F7 /* libsqlite3.dylib in Frameworks */ = {isa = PBXBuildFile; fileRef = 1DB7221D17A86BC100F956F7 /* libsqlite3.dylib */; };
		1DB7222917A86BC100F956F7 /* libz.dylib in Frameworks */ = {isa = PBXBuildFile; fileRef = 1DB7221F17A86BC100F956F7 /* libz.dylib */; };
		1DB7222A17A86BC100F956F7 /* MessageUI.framework in Frameworks */ = {isa = PBXBuildFile; fileRef = 1DB7222017A86BC100F956F7 /* MessageUI.framework */; };
		1DB7222B17A86BC100F956F7 /* MobileCoreServices.framework in Frameworks */ = {isa = PBXBuildFile; fileRef = 1DB7222117A86BC100F956F7 /* MobileCoreServices.framework */; };
		1DB7222C17A86BC100F956F7 /* QuartzCore.framework in Frameworks */ = {isa = PBXBuildFile; fileRef = 1DB7222217A86BC100F956F7 /* QuartzCore.framework */; };
		1DB7222D17A86BC100F956F7 /* Security.framework in Frameworks */ = {isa = PBXBuildFile; fileRef = 1DB7222317A86BC100F956F7 /* Security.framework */; };
		1DB7222E17A86BC100F956F7 /* SystemConfiguration.framework in Frameworks */ = {isa = PBXBuildFile; fileRef = 1DB7222417A86BC100F956F7 /* SystemConfiguration.framework */; };
		1DB723D517B1720C00F956F7 /* default_icon-57.png in Resources */ = {isa = PBXBuildFile; fileRef = 1DB723D417B1720C00F956F7 /* default_icon-57.png */; };
		1DB723D717B1721400F956F7 /* default_icon-57@2x.png in Resources */ = {isa = PBXBuildFile; fileRef = 1DB723D617B1721300F956F7 /* default_icon-57@2x.png */; };
		F844AFE719A357BA00661116 /* libstdc++.6.0.9.dylib in Frameworks */ = {isa = PBXBuildFile; fileRef = F844AFE619A357BA00661116 /* libstdc++.6.0.9.dylib */; };
		F8A879EC1982224D00E56777 /* libc++.dylib in Frameworks */ = {isa = PBXBuildFile; fileRef = F8A879EA1982224D00E56777 /* libc++.dylib */; };
		F8A879ED1982224D00E56777 /* libc.dylib in Frameworks */ = {isa = PBXBuildFile; fileRef = F8A879EB1982224D00E56777 /* libc.dylib */; };
		F8E1687319AB17470076EE85 /* AppDelegate.m in Sources */ = {isa = PBXBuildFile; fileRef = F8E1664C19AB17460076EE85 /* AppDelegate.m */; };
		F8E1687419AB17470076EE85 /* Default-568h@2x.png in Resources */ = {isa = PBXBuildFile; fileRef = F8E1664D19AB17460076EE85 /* Default-568h@2x.png */; };
		F8E1687519AB17470076EE85 /* Default.png in Resources */ = {isa = PBXBuildFile; fileRef = F8E1664E19AB17460076EE85 /* Default.png */; };
		F8E1687619AB17470076EE85 /* Default@2x.png in Resources */ = {isa = PBXBuildFile; fileRef = F8E1664F19AB17460076EE85 /* Default@2x.png */; };
		F8E1687719AB17470076EE85 /* InfoPlist.strings in Resources */ = {isa = PBXBuildFile; fileRef = F8E1665019AB17460076EE85 /* InfoPlist.strings */; };
		F8E1687819AB17470076EE85 /* MainStoryboard.storyboard in Resources */ = {isa = PBXBuildFile; fileRef = F8E1665219AB17460076EE85 /* MainStoryboard.storyboard */; };
		F8E1687A19AB17470076EE85 /* main.m in Sources */ = {isa = PBXBuildFile; fileRef = F8E1665619AB17460076EE85 /* main.m */; };
		F8E1687B19AB17470076EE85 /* MainMenuViewController.m in Sources */ = {isa = PBXBuildFile; fileRef = F8E1665819AB17460076EE85 /* MainMenuViewController.m */; };
		F8E1687C19AB17470076EE85 /* RegistrationViewController.m in Sources */ = {isa = PBXBuildFile; fileRef = F8E1665B19AB17460076EE85 /* RegistrationViewController.m */; };
		F8E168D419AB17470076EE85 /* Settings.bundle in Resources */ = {isa = PBXBuildFile; fileRef = F8E1686A19AB17470076EE85 /* Settings.bundle */; };
		F8E168D519AB17470076EE85 /* ConnectivitySettings.m in Sources */ = {isa = PBXBuildFile; fileRef = F8E1686D19AB17470076EE85 /* ConnectivitySettings.m */; };
		F8E168D619AB17470076EE85 /* SettingsUtilities.m in Sources */ = {isa = PBXBuildFile; fileRef = F8E1687019AB17470076EE85 /* SettingsUtilities.m */; };
		F8E168D719AB17470076EE85 /* Utilities.m in Sources */ = {isa = PBXBuildFile; fileRef = F8E1687219AB17470076EE85 /* Utilities.m */; };
/* End PBXBuildFile section */

/* Begin PBXFileReference section */
		1DB721F517A8694B00F956F7 /* Flights_iOS.app */ = {isa = PBXFileReference; explicitFileType = wrapper.application; includeInIndex = 0; path = Flights_iOS.app; sourceTree = BUILT_PRODUCTS_DIR; };
		1DB721F817A8694B00F956F7 /* UIKit.framework */ = {isa = PBXFileReference; lastKnownFileType = wrapper.framework; name = UIKit.framework; path = System/Library/Frameworks/UIKit.framework; sourceTree = SDKROOT; };
		1DB721FA17A8694B00F956F7 /* Foundation.framework */ = {isa = PBXFileReference; lastKnownFileType = wrapper.framework; name = Foundation.framework; path = System/Library/Frameworks/Foundation.framework; sourceTree = SDKROOT; };
		1DB721FC17A8694B00F956F7 /* CoreGraphics.framework */ = {isa = PBXFileReference; lastKnownFileType = wrapper.framework; name = CoreGraphics.framework; path = System/Library/Frameworks/CoreGraphics.framework; sourceTree = SDKROOT; };
		1DB7221B17A86BC100F956F7 /* CFNetwork.framework */ = {isa = PBXFileReference; lastKnownFileType = wrapper.framework; name = CFNetwork.framework; path = System/Library/Frameworks/CFNetwork.framework; sourceTree = SDKROOT; };
		1DB7221C17A86BC100F956F7 /* CoreData.framework */ = {isa = PBXFileReference; lastKnownFileType = wrapper.framework; name = CoreData.framework; path = System/Library/Frameworks/CoreData.framework; sourceTree = SDKROOT; };
		1DB7221D17A86BC100F956F7 /* libsqlite3.dylib */ = {isa = PBXFileReference; lastKnownFileType = "compiled.mach-o.dylib"; name = libsqlite3.dylib; path = usr/lib/libsqlite3.dylib; sourceTree = SDKROOT; };
		1DB7221E17A86BC100F956F7 /* libstdc++.dylib */ = {isa = PBXFileReference; lastKnownFileType = "compiled.mach-o.dylib"; name = "libstdc++.dylib"; path = "usr/lib/libstdc++.dylib"; sourceTree = SDKROOT; };
		1DB7221F17A86BC100F956F7 /* libz.dylib */ = {isa = PBXFileReference; lastKnownFileType = "compiled.mach-o.dylib"; name = libz.dylib; path = usr/lib/libz.dylib; sourceTree = SDKROOT; };
		1DB7222017A86BC100F956F7 /* MessageUI.framework */ = {isa = PBXFileReference; lastKnownFileType = wrapper.framework; name = MessageUI.framework; path = System/Library/Frameworks/MessageUI.framework; sourceTree = SDKROOT; };
		1DB7222117A86BC100F956F7 /* MobileCoreServices.framework */ = {isa = PBXFileReference; lastKnownFileType = wrapper.framework; name = MobileCoreServices.framework; path = System/Library/Frameworks/MobileCoreServices.framework; sourceTree = SDKROOT; };
		1DB7222217A86BC100F956F7 /* QuartzCore.framework */ = {isa = PBXFileReference; lastKnownFileType = wrapper.framework; name = QuartzCore.framework; path = System/Library/Frameworks/QuartzCore.framework; sourceTree = SDKROOT; };
		1DB7222317A86BC100F956F7 /* Security.framework */ = {isa = PBXFileReference; lastKnownFileType = wrapper.framework; name = Security.framework; path = System/Library/Frameworks/Security.framework; sourceTree = SDKROOT; };
		1DB7222417A86BC100F956F7 /* SystemConfiguration.framework */ = {isa = PBXFileReference; lastKnownFileType = wrapper.framework; name = SystemConfiguration.framework; path = System/Library/Frameworks/SystemConfiguration.framework; sourceTree = SDKROOT; };
		1DB723D417B1720C00F956F7 /* default_icon-57.png */ = {isa = PBXFileReference; lastKnownFileType = image.png; path = "default_icon-57.png"; sourceTree = "<group>"; };
		1DB723D617B1721300F956F7 /* default_icon-57@2x.png */ = {isa = PBXFileReference; lastKnownFileType = image.png; path = "default_icon-57@2x.png"; sourceTree = "<group>"; };
		F844AFE619A357BA00661116 /* libstdc++.6.0.9.dylib */ = {isa = PBXFileReference; lastKnownFileType = "compiled.mach-o.dylib"; name = "libstdc++.6.0.9.dylib"; path = "usr/lib/libstdc++.6.0.9.dylib"; sourceTree = SDKROOT; };
		F8A879EA1982224D00E56777 /* libc++.dylib */ = {isa = PBXFileReference; lastKnownFileType = "compiled.mach-o.dylib"; name = "libc++.dylib"; path = "usr/lib/libc++.dylib"; sourceTree = SDKROOT; };
		F8A879EB1982224D00E56777 /* libc.dylib */ = {isa = PBXFileReference; lastKnownFileType = "compiled.mach-o.dylib"; name = libc.dylib; path = usr/lib/libc.dylib; sourceTree = SDKROOT; };
		F8E1664B19AB17460076EE85 /* AppDelegate.h */ = {isa = PBXFileReference; fileEncoding = 4; lastKnownFileType = sourcecode.c.h; path = AppDelegate.h; sourceTree = "<group>"; };
		F8E1664C19AB17460076EE85 /* AppDelegate.m */ = {isa = PBXFileReference; fileEncoding = 4; lastKnownFileType = sourcecode.c.objc; path = AppDelegate.m; sourceTree = "<group>"; };
		F8E1664D19AB17460076EE85 /* Default-568h@2x.png */ = {isa = PBXFileReference; lastKnownFileType = image.png; path = "Default-568h@2x.png"; sourceTree = "<group>"; };
		F8E1664E19AB17460076EE85 /* Default.png */ = {isa = PBXFileReference; lastKnownFileType = image.png; path = Default.png; sourceTree = "<group>"; };
		F8E1664F19AB17460076EE85 /* Default@2x.png */ = {isa = PBXFileReference; lastKnownFileType = image.png; path = "Default@2x.png"; sourceTree = "<group>"; };
		F8E1665119AB17460076EE85 /* en */ = {isa = PBXFileReference; lastKnownFileType = text.plist.strings; name = en; path = en.lproj/InfoPlist.strings; sourceTree = "<group>"; };
		F8E1665319AB17460076EE85 /* en */ = {isa = PBXFileReference; lastKnownFileType = file.storyboard; name = en; path = en.lproj/MainStoryboard.storyboard; sourceTree = "<group>"; };
		F8E1665419AB17460076EE85 /* Flights_iOS-Info.plist */ = {isa = PBXFileReference; fileEncoding = 4; lastKnownFileType = text.plist.xml; path = "Flights_iOS-Info.plist"; sourceTree = "<group>"; };
		F8E1665519AB17460076EE85 /* Flights_iOS-Prefix.pch */ = {isa = PBXFileReference; fileEncoding = 4; lastKnownFileType = sourcecode.c.h; path = "Flights_iOS-Prefix.pch"; sourceTree = "<group>"; };
		F8E1665619AB17460076EE85 /* main.m */ = {isa = PBXFileReference; fileEncoding = 4; lastKnownFileType = sourcecode.c.objc; path = main.m; sourceTree = "<group>"; };
		F8E1665719AB17460076EE85 /* MainMenuViewController.h */ = {isa = PBXFileReference; fileEncoding = 4; lastKnownFileType = sourcecode.c.h; path = MainMenuViewController.h; sourceTree = "<group>"; };
		F8E1665819AB17460076EE85 /* MainMenuViewController.m */ = {isa = PBXFileReference; fileEncoding = 4; lastKnownFileType = sourcecode.c.objc; path = MainMenuViewController.m; sourceTree = "<group>"; };
		F8E1665A19AB17460076EE85 /* RegistrationViewController.h */ = {isa = PBXFileReference; fileEncoding = 4; lastKnownFileType = sourcecode.c.h; path = RegistrationViewController.h; sourceTree = "<group>"; };
		F8E1665B19AB17460076EE85 /* RegistrationViewController.m */ = {isa = PBXFileReference; fileEncoding = 4; lastKnownFileType = sourcecode.c.objc; path = RegistrationViewController.m; sourceTree = "<group>"; };
		F8E1686A19AB17470076EE85 /* Settings.bundle */ = {isa = PBXFileReference; lastKnownFileType = "wrapper.plug-in"; path = Settings.bundle; sourceTree = "<group>"; };
		F8E1686C19AB17470076EE85 /* ConnectivitySettings.h */ = {isa = PBXFileReference; fileEncoding = 4; lastKnownFileType = sourcecode.c.h; path = ConnectivitySettings.h; sourceTree = "<group>"; };
		F8E1686D19AB17470076EE85 /* ConnectivitySettings.m */ = {isa = PBXFileReference; fileEncoding = 4; lastKnownFileType = sourcecode.c.objc; path = ConnectivitySettings.m; sourceTree = "<group>"; };
		F8E1686E19AB17470076EE85 /* Constants.h */ = {isa = PBXFileReference; fileEncoding = 4; lastKnownFileType = sourcecode.c.h; path = Constants.h; sourceTree = "<group>"; };
		F8E1686F19AB17470076EE85 /* SettingsUtilities.h */ = {isa = PBXFileReference; fileEncoding = 4; lastKnownFileType = sourcecode.c.h; path = SettingsUtilities.h; sourceTree = "<group>"; };
		F8E1687019AB17470076EE85 /* SettingsUtilities.m */ = {isa = PBXFileReference; fileEncoding = 4; lastKnownFileType = sourcecode.c.objc; path = SettingsUtilities.m; sourceTree = "<group>"; };
		F8E1687119AB17470076EE85 /* Utilities.h */ = {isa = PBXFileReference; fileEncoding = 4; lastKnownFileType = sourcecode.c.h; path = Utilities.h; sourceTree = "<group>"; };
		F8E1687219AB17470076EE85 /* Utilities.m */ = {isa = PBXFileReference; fileEncoding = 4; lastKnownFileType = sourcecode.c.objc; path = Utilities.m; sourceTree = "<group>"; };
/* End PBXFileReference section */

/* Begin PBXFrameworksBuildPhase section */
		1DB721F217A8694B00F956F7 /* Frameworks */ = {
			isa = PBXFrameworksBuildPhase;
			buildActionMask = 2147483647;
			files = (
				F844AFE719A357BA00661116 /* libstdc++.6.0.9.dylib in Frameworks */,
				F8A879EC1982224D00E56777 /* libc++.dylib in Frameworks */,
				F8A879ED1982224D00E56777 /* libc.dylib in Frameworks */,
				1DB7222917A86BC100F956F7 /* libz.dylib in Frameworks */,
				1DB7222517A86BC100F956F7 /* CFNetwork.framework in Frameworks */,
				1DB7222617A86BC100F956F7 /* CoreData.framework in Frameworks */,
				1DB7222717A86BC100F956F7 /* libsqlite3.dylib in Frameworks */,
				1DB7222A17A86BC100F956F7 /* MessageUI.framework in Frameworks */,
				1DB7222B17A86BC100F956F7 /* MobileCoreServices.framework in Frameworks */,
				1DB7222C17A86BC100F956F7 /* QuartzCore.framework in Frameworks */,
				1DB7222D17A86BC100F956F7 /* Security.framework in Frameworks */,
				1DB7222E17A86BC100F956F7 /* SystemConfiguration.framework in Frameworks */,
				1DB721F917A8694B00F956F7 /* UIKit.framework in Frameworks */,
				1DB721FB17A8694B00F956F7 /* Foundation.framework in Frameworks */,
				1DB721FD17A8694B00F956F7 /* CoreGraphics.framework in Frameworks */,
			);
			runOnlyForDeploymentPostprocessing = 0;
		};
/* End PBXFrameworksBuildPhase section */

/* Begin PBXGroup section */
		1DB721EC17A8694B00F956F7 = {
			isa = PBXGroup;
			children = (
				1DB723D617B1721300F956F7 /* default_icon-57@2x.png */,
				1DB723D417B1720C00F956F7 /* default_icon-57.png */,
				F8E1664A19AB17460076EE85 /* Flights_iOS */,
				1DB721F717A8694B00F956F7 /* Frameworks */,
				1DB721F617A8694B00F956F7 /* Products */,
			);
			sourceTree = "<group>";
		};
		1DB721F617A8694B00F956F7 /* Products */ = {
			isa = PBXGroup;
			children = (
				1DB721F517A8694B00F956F7 /* Flights_iOS.app */,
			);
			name = Products;
			sourceTree = "<group>";
		};
		1DB721F717A8694B00F956F7 /* Frameworks */ = {
			isa = PBXGroup;
			children = (
				F844AFE619A357BA00661116 /* libstdc++.6.0.9.dylib */,
				F8A879EA1982224D00E56777 /* libc++.dylib */,
				F8A879EB1982224D00E56777 /* libc.dylib */,
				1DB7221B17A86BC100F956F7 /* CFNetwork.framework */,
				1DB7221C17A86BC100F956F7 /* CoreData.framework */,
				1DB7221D17A86BC100F956F7 /* libsqlite3.dylib */,
				1DB7221E17A86BC100F956F7 /* libstdc++.dylib */,
				1DB7221F17A86BC100F956F7 /* libz.dylib */,
				1DB7222017A86BC100F956F7 /* MessageUI.framework */,
				1DB7222117A86BC100F956F7 /* MobileCoreServices.framework */,
				1DB7222217A86BC100F956F7 /* QuartzCore.framework */,
				1DB7222317A86BC100F956F7 /* Security.framework */,
				1DB7222417A86BC100F956F7 /* SystemConfiguration.framework */,
				1DB721F817A8694B00F956F7 /* UIKit.framework */,
				1DB721FA17A8694B00F956F7 /* Foundation.framework */,
				1DB721FC17A8694B00F956F7 /* CoreGraphics.framework */,
			);
			name = Frameworks;
			sourceTree = "<group>";
		};
		F8E1664A19AB17460076EE85 /* Flights_iOS */ = {
			isa = PBXGroup;
			children = (
				F8E1664B19AB17460076EE85 /* AppDelegate.h */,
				F8E1664C19AB17460076EE85 /* AppDelegate.m */,
				F8E1665219AB17460076EE85 /* MainStoryboard.storyboard */,
				F8E1665719AB17460076EE85 /* MainMenuViewController.h */,
				F8E1665819AB17460076EE85 /* MainMenuViewController.m */,
				F8E1665919AB17460076EE85 /* Onboarding */,
				F8E1686A19AB17470076EE85 /* Settings.bundle */,
				F8E1686B19AB17470076EE85 /* Utilities */,
				F8E168D819AB17510076EE85 /* Supporting Files */,
			);
			path = Flights_iOS;
			sourceTree = "<group>";
		};
		F8E1665919AB17460076EE85 /* Onboarding */ = {
			isa = PBXGroup;
			children = (
				F8E1665A19AB17460076EE85 /* RegistrationViewController.h */,
				F8E1665B19AB17460076EE85 /* RegistrationViewController.m */,
			);
			path = Onboarding;
			sourceTree = "<group>";
		};
		F8E1686B19AB17470076EE85 /* Utilities */ = {
			isa = PBXGroup;
			children = (
				F8E1686C19AB17470076EE85 /* ConnectivitySettings.h */,
				F8E1686D19AB17470076EE85 /* ConnectivitySettings.m */,
				F8E1686E19AB17470076EE85 /* Constants.h */,
				F8E1686F19AB17470076EE85 /* SettingsUtilities.h */,
				F8E1687019AB17470076EE85 /* SettingsUtilities.m */,
				F8E1687119AB17470076EE85 /* Utilities.h */,
				F8E1687219AB17470076EE85 /* Utilities.m */,
			);
			path = Utilities;
			sourceTree = "<group>";
		};
		F8E168D819AB17510076EE85 /* Supporting Files */ = {
			isa = PBXGroup;
			children = (
				F8E1665419AB17460076EE85 /* Flights_iOS-Info.plist */,
				F8E1665519AB17460076EE85 /* Flights_iOS-Prefix.pch */,
				F8E1665619AB17460076EE85 /* main.m */,
				F8E1664D19AB17460076EE85 /* Default-568h@2x.png */,
				F8E1664E19AB17460076EE85 /* Default.png */,
				F8E1664F19AB17460076EE85 /* Default@2x.png */,
				F8E1665019AB17460076EE85 /* InfoPlist.strings */,
			);
			name = "Supporting Files";
			sourceTree = "<group>";
		};
/* End PBXGroup section */

/* Begin PBXNativeTarget section */
		1DB721F417A8694B00F956F7 /* Flights_iOS */ = {
			isa = PBXNativeTarget;
			buildConfigurationList = 1DB7221817A8694B00F956F7 /* Build configuration list for PBXNativeTarget "Flights_iOS" */;
			buildPhases = (
				1DB721F117A8694B00F956F7 /* Sources */,
				1DB721F217A8694B00F956F7 /* Frameworks */,
				1DB721F317A8694B00F956F7 /* Resources */,
			);
			buildRules = (
			);
			dependencies = (
			);
			name = Flights_iOS;
			productName = Flights_RKT;
			productReference = 1DB721F517A8694B00F956F7 /* Flights_iOS.app */;
			productType = "com.apple.product-type.application";
		};
/* End PBXNativeTarget section */

/* Begin PBXProject section */
		1DB721ED17A8694B00F956F7 /* Project object */ = {
			isa = PBXProject;
			attributes = {
				LastUpgradeCheck = 0460;
				ORGANIZATIONNAME = RIG;
			};
			buildConfigurationList = 1DB721F017A8694B00F956F7 /* Build configuration list for PBXProject "Flights_iOS" */;
			compatibilityVersion = "Xcode 3.2";
			developmentRegion = English;
			hasScannedForEncodings = 0;
			knownRegions = (
				en,
			);
			mainGroup = 1DB721EC17A8694B00F956F7;
			productRefGroup = 1DB721F617A8694B00F956F7 /* Products */;
			projectDirPath = "";
			projectRoot = "";
			targets = (
				1DB721F417A8694B00F956F7 /* Flights_iOS */,
			);
		};
/* End PBXProject section */

/* Begin PBXResourcesBuildPhase section */
		1DB721F317A8694B00F956F7 /* Resources */ = {
			isa = PBXResourcesBuildPhase;
			buildActionMask = 2147483647;
			files = (
				F8E1687619AB17470076EE85 /* Default@2x.png in Resources */,
				F8E168D419AB17470076EE85 /* Settings.bundle in Resources */,
				F8E1687419AB17470076EE85 /* Default-568h@2x.png in Resources */,
				F8E1687819AB17470076EE85 /* MainStoryboard.storyboard in Resources */,
				F8E1687519AB17470076EE85 /* Default.png in Resources */,
				F8E1687719AB17470076EE85 /* InfoPlist.strings in Resources */,
				1DB723D517B1720C00F956F7 /* default_icon-57.png in Resources */,
				1DB723D717B1721400F956F7 /* default_icon-57@2x.png in Resources */,
			);
			runOnlyForDeploymentPostprocessing = 0;
		};
/* End PBXResourcesBuildPhase section */

/* Begin PBXSourcesBuildPhase section */
		1DB721F117A8694B00F956F7 /* Sources */ = {
			isa = PBXSourcesBuildPhase;
			buildActionMask = 2147483647;
			files = (
				F8E1687C19AB17470076EE85 /* RegistrationViewController.m in Sources */,
				F8E1687B19AB17470076EE85 /* MainMenuViewController.m in Sources */,
				F8E1687319AB17470076EE85 /* AppDelegate.m in Sources */,
				F8E168D519AB17470076EE85 /* ConnectivitySettings.m in Sources */,
				F8E168D619AB17470076EE85 /* SettingsUtilities.m in Sources */,
				F8E1687A19AB17470076EE85 /* main.m in Sources */,
				F8E168D719AB17470076EE85 /* Utilities.m in Sources */,
			);
			runOnlyForDeploymentPostprocessing = 0;
		};
/* End PBXSourcesBuildPhase section */

/* Begin PBXVariantGroup section */
		F8E1665019AB17460076EE85 /* InfoPlist.strings */ = {
			isa = PBXVariantGroup;
			children = (
				F8E1665119AB17460076EE85 /* en */,
			);
			name = InfoPlist.strings;
			sourceTree = "<group>";
		};
		F8E1665219AB17460076EE85 /* MainStoryboard.storyboard */ = {
			isa = PBXVariantGroup;
			children = (
				F8E1665319AB17460076EE85 /* en */,
			);
			name = MainStoryboard.storyboard;
			sourceTree = "<group>";
		};
/* End PBXVariantGroup section */

/* Begin XCBuildConfiguration section */
		1DB7221617A8694B00F956F7 /* Debug */ = {
			isa = XCBuildConfiguration;
			buildSettings = {
				ALWAYS_SEARCH_USER_PATHS = NO;
				CLANG_CXX_LANGUAGE_STANDARD = "gnu++0x";
				CLANG_CXX_LIBRARY = "libc++";
				CLANG_ENABLE_OBJC_ARC = YES;
				CLANG_WARN_CONSTANT_CONVERSION = YES;
				CLANG_WARN_EMPTY_BODY = YES;
				CLANG_WARN_ENUM_CONVERSION = YES;
				CLANG_WARN_INT_CONVERSION = YES;
				CLANG_WARN__DUPLICATE_METHOD_MATCH = YES;
				"CODE_SIGN_IDENTITY[sdk=iphoneos*]" = "iPhone Developer";
				COPY_PHASE_STRIP = NO;
				GCC_C_LANGUAGE_STANDARD = gnu99;
				GCC_DYNAMIC_NO_PIC = NO;
				GCC_OPTIMIZATION_LEVEL = 0;
				GCC_PREPROCESSOR_DEFINITIONS = (
					"DEBUG=1",
					"$(inherited)",
				);
				GCC_SYMBOLS_PRIVATE_EXTERN = NO;
				GCC_WARN_ABOUT_RETURN_TYPE = YES;
				GCC_WARN_UNINITIALIZED_AUTOS = YES;
				GCC_WARN_UNUSED_VARIABLE = YES;
				IPHONEOS_DEPLOYMENT_TARGET = 7.1;
				ONLY_ACTIVE_ARCH = YES;
				SDKROOT = iphoneos;
			};
			name = Debug;
		};
		1DB7221717A8694B00F956F7 /* Release */ = {
			isa = XCBuildConfiguration;
			buildSettings = {
				ALWAYS_SEARCH_USER_PATHS = NO;
				CLANG_CXX_LANGUAGE_STANDARD = "gnu++0x";
				CLANG_CXX_LIBRARY = "libc++";
				CLANG_ENABLE_OBJC_ARC = YES;
				CLANG_WARN_CONSTANT_CONVERSION = YES;
				CLANG_WARN_EMPTY_BODY = YES;
				CLANG_WARN_ENUM_CONVERSION = YES;
				CLANG_WARN_INT_CONVERSION = YES;
				CLANG_WARN__DUPLICATE_METHOD_MATCH = YES;
				"CODE_SIGN_IDENTITY[sdk=iphoneos*]" = "iPhone Developer";
				COPY_PHASE_STRIP = YES;
				GCC_C_LANGUAGE_STANDARD = gnu99;
				GCC_WARN_ABOUT_RETURN_TYPE = YES;
				GCC_WARN_UNINITIALIZED_AUTOS = YES;
				GCC_WARN_UNUSED_VARIABLE = YES;
				IPHONEOS_DEPLOYMENT_TARGET = 7.1;
				OTHER_CFLAGS = "-DNS_BLOCK_ASSERTIONS=1";
				SDKROOT = iphoneos;
				VALIDATE_PRODUCT = YES;
			};
			name = Release;
		};
		1DB7221917A8694B00F956F7 /* Debug */ = {
			isa = XCBuildConfiguration;
			buildSettings = {
				GCC_PRECOMPILE_PREFIX_HEADER = YES;
				GCC_PREFIX_HEADER = "Flights_iOS/Flights_iOS-Prefix.pch";
				INFOPLIST_FILE = "Flights_iOS/Flights_iOS-Info.plist";
				IPHONEOS_DEPLOYMENT_TARGET = 7.1;
				LIBRARY_SEARCH_PATHS = (
					"$(inherited)",
					"$(PROJECT_DIR)/Flights_iOS/SDK/libraries/Debug-universal",
					"$(PROJECT_DIR)/Flights_iOS/SDK/libraries/Release-universal",
				);
				OTHER_LDFLAGS = (
					"-ObjC",
					"-all_load",
				);
				PRODUCT_NAME = Flights_iOS;
				WRAPPER_EXTENSION = app;
			};
			name = Debug;
		};
		1DB7221A17A8694B00F956F7 /* Release */ = {
			isa = XCBuildConfiguration;
			buildSettings = {
				GCC_PRECOMPILE_PREFIX_HEADER = YES;
				GCC_PREFIX_HEADER = "Flights_iOS/Flights_iOS-Prefix.pch";
				INFOPLIST_FILE = "Flights_iOS/Flights_iOS-Info.plist";
				IPHONEOS_DEPLOYMENT_TARGET = 7.1;
				LIBRARY_SEARCH_PATHS = (
					"$(inherited)",
					"$(PROJECT_DIR)/Flights_iOS/SDK/libraries/Debug-universal",
					"$(PROJECT_DIR)/Flights_iOS/SDK/libraries/Release-universal",
				);
				OTHER_LDFLAGS = (
					"-ObjC",
					"-all_load",
				);
				PRODUCT_NAME = Flights_iOS;
				WRAPPER_EXTENSION = app;
			};
			name = Release;
		};
/* End XCBuildConfiguration section */

/* Begin XCConfigurationList section */
		1DB721F017A8694B00F956F7 /* Build configuration list for PBXProject "Flights_iOS" */ = {
			isa = XCConfigurationList;
			buildConfigurations = (
				1DB7221617A8694B00F956F7 /* Debug */,
				1DB7221717A8694B00F956F7 /* Release */,
			);
			defaultConfigurationIsVisible = 0;
			defaultConfigurationName = Release;
		};
		1DB7221817A8694B00F956F7 /* Build configuration list for PBXNativeTarget "Flights_iOS" */ = {
			isa = XCConfigurationList;
			buildConfigurations = (
				1DB7221917A8694B00F956F7 /* Debug */,
				1DB7221A17A8694B00F956F7 /* Release */,
			);
			defaultConfigurationIsVisible = 0;
			defaultConfigurationName = Release;
		};
/* End XCConfigurationList section */
	};
	rootObject = 1DB721ED17A8694B00F956F7 /* Project object */;
}
